
Microsoft Visual Studio Solution File, Format Version 12.00
# Visual Studio Version 17
VisualStudioVersion = 17.4.33103.184
MinimumVisualStudioVersion = 10.0.40219.1
Project("{8BC9CEB8-8B4A-11D0-8D11-00A0C91BC942}") = "TonbSoftDev_Fillet", "TonbSoftDev_Fillet\TonbSoftDev_Fillet.vcxproj", "{843A936F-35A5-4975-8776-7AA32300CB3D}"
EndProject
Global
	GlobalSection(SolutionConfigurationPlatforms) = preSolution
		Debug|x64 = Debug|x64
		Debug|x86 = Debug|x86
		Release|x64 = Release|x64
		Release|x86 = Release|x86
	EndGlobalSection
	GlobalSection(ProjectConfigurationPlatforms) = postSolution
		{843A936F-35A5-4975-8776-7AA32300CB3D}.Debug|x64.ActiveCfg = Debug|x64
		{843A936F-35A5-4975-8776-7AA32300CB3D}.Debug|x64.Build.0 = Debug|x64
		{843A936F-35A5-4975-8776-7AA32300CB3D}.Debug|x86.ActiveCfg = Debug|Win32
		{843A936F-35A5-4975-8776-7AA32300CB3D}.Debug|x86.Build.0 = Debug|Win32
		{843A936F-35A5-4975-8776-7AA32300CB3D}.Release|x64.ActiveCfg = Release|x64
		{843A936F-35A5-4975-8776-7AA32300CB3D}.Release|x64.Build.0 = Release|x64
		{843A936F-35A5-4975-8776-7AA32300CB3D}.Release|x86.ActiveCfg = Release|Win32
		{843A936F-35A5-4975-8776-7AA32300CB3D}.Release|x86.Build.0 = Release|Win32
	EndGlobalSection
	GlobalSection(SolutionProperties) = preSolution
		HideSolutionNode = FALSE
	EndGlobalSection
	GlobalSection(ExtensibilityGlobals) = postSolution
		SolutionGuid = {BCE7309B-ECAB-4759-A38F-3356CD6DDBDA}
	EndGlobalSection
EndGlobal
