<?xml version="1.0" encoding="utf-8"?>
<Project ToolsVersion="4.0" xmlns="http://schemas.microsoft.com/developer/msbuild/2003">
  <ItemGroup>
    <Filter Include="Source Files">
      <UniqueIdentifier>{4FC737F1-C7A5-4376-A066-2A32D752A2FF}</UniqueIdentifier>
      <Extensions>cpp;c;cc;cxx;c++;cppm;ixx;def;odl;idl;hpj;bat;asm;asmx</Extensions>
    </Filter>
    <Filter Include="Header Files">
      <UniqueIdentifier>{93995380-89BD-4b04-88EB-625FBE52EBFB}</UniqueIdentifier>
      <Extensions>h;hh;hpp;hxx;h++;hm;inl;inc;ipp;xsd</Extensions>
    </Filter>
    <Filter Include="Resource Files">
      <UniqueIdentifier>{67DA6AB6-F800-4c08-8B7A-83BB121AAD01}</UniqueIdentifier>
      <Extensions>rc;ico;cur;bmp;dlg;rc2;rct;bin;rgs;gif;jpg;jpeg;jpe;resx;tiff;tif;png;wav;mfcribbon-ms</Extensions>
    </Filter>
    <Filter Include="Lib">
      <UniqueIdentifier>{5dc6fe31-17b7-4f5b-8d77-1f95526ae19b}</UniqueIdentifier>
    </Filter>
    <Filter Include="Lib\Tools">
      <UniqueIdentifier>{b6215145-b137-41f7-9d98-e38261642bfa}</UniqueIdentifier>
    </Filter>
    <Filter Include="Lib\TonbSoftDev_GeomTools_Fillet">
      <UniqueIdentifier>{8d989759-6f09-4651-9c3e-77ebc38ee8d6}</UniqueIdentifier>
    </Filter>
    <Filter Include="Lib\Global">
      <UniqueIdentifier>{35bc1411-b2f9-451a-9ddd-f893394f6833}</UniqueIdentifier>
    </Filter>
  </ItemGroup>
  <ItemGroup>
    <ClCompile Include="Lib\Tools\Tools.cxx">
      <Filter>Lib\Tools</Filter>
    </ClCompile>
    <ClCompile Include="Lib\TonbSoftDev_GeomTools_Fillet\TonbSoftDev_GeomTools_Fillet.cxx">
      <Filter>Lib\TonbSoftDev_GeomTools_Fillet</Filter>
    </ClCompile>
    <ClCompile Include="main.cxx">
      <Filter>Source Files</Filter>
    </ClCompile>
  </ItemGroup>
  <ItemGroup>
    <ClInclude Include="Lib\Tools\Tools.hxx">
      <Filter>Lib\Tools</Filter>
    </ClInclude>
    <ClInclude Include="Lib\TonbSoftDev_GeomTools_Fillet\TonbSoftDev_GeomTools_Fillet.hxx">
      <Filter>Lib\TonbSoftDev_GeomTools_Fillet</Filter>
    </ClInclude>
    <ClInclude Include="Lib\Global\TonbSoftDev_GeomBaseGlobal_FilletBuild.hxx">
      <Filter>Lib\Global</Filter>
    </ClInclude>
  </ItemGroup>
</Project>